// !$*UTF8*$!
{
	archiveVersion = 1;
	classes = {
	};
	objectVersion = 55;
	objects = {

/* Begin PBXBuildFile section */
		16A9BBDF283E686D0095A38C /* verify.docc in Sources */ = {isa = PBXBuildFile; fileRef = 16A9BBDE283E686D0095A38C /* verify.docc */; };
		16A9BBE5283E686D0095A38C /* verify.framework in Frameworks */ = {isa = PBXBuildFile; fileRef = 16A9BBDA283E686D0095A38C /* verify.framework */; };
		16A9BBEA283E686D0095A38C /* verifyTests.swift in Sources */ = {isa = PBXBuildFile; fileRef = 16A9BBE9283E686D0095A38C /* verifyTests.swift */; };
		16A9BBEB283E686D0095A38C /* verify.h in Headers */ = {isa = PBXBuildFile; fileRef = 16A9BBDD283E686D0095A38C /* verify.h */; settings = {ATTRIBUTES = (Public, ); }; };
		16A9BC1F2840E4FE0095A38C /* Verify.swift in Sources */ = {isa = PBXBuildFile; fileRef = 16A9BC1E2840E4FE0095A38C /* Verify.swift */; };
		770FD00A2ADBFD31002FB641 /* VerifyLang.swift in Sources */ = {isa = PBXBuildFile; fileRef = 770FD0092ADBFD31002FB641 /* VerifyLang.swift */; };
		770FD00C2ADC7271002FB641 /* VerifyUiView.swift in Sources */ = {isa = PBXBuildFile; fileRef = 770FD00B2ADC7271002FB641 /* VerifyUiView.swift */; };
		773CE24A2A76F211005AF303 /* VerifyListener.swift in Sources */ = {isa = PBXBuildFile; fileRef = 773CE2482A76F211005AF303 /* VerifyListener.swift */; };
		774B43BA2AEF0E670021FA4E /* VerifyWebView.swift in Sources */ = {isa = PBXBuildFile; fileRef = 774B43B92AEF0E670021FA4E /* VerifyWebView.swift */; };
		774B43BE2AF14E2D0021FA4E /* VerifyNfcEvent.swift in Sources */ = {isa = PBXBuildFile; fileRef = 774B43BD2AF14E2D0021FA4E /* VerifyNfcEvent.swift */; };
		774B43C12AF14EB40021FA4E /* VerifyWebViewDelegate.swift in Sources */ = {isa = PBXBuildFile; fileRef = 774B43C02AF14EB40021FA4E /* VerifyWebViewDelegate.swift */; };
		774B43C82AF1617F0021FA4E /* .swiftlint.yml in Resources */ = {isa = PBXBuildFile; fileRef = 774B43C72AF1617F0021FA4E /* .swiftlint.yml */; };
		7753B5982AC995F100F263C4 /* VerifyNfcController.swift in Sources */ = {isa = PBXBuildFile; fileRef = 7753B5972AC995F100F263C4 /* VerifyNfcController.swift */; };
		7753B59A2AC9979000F263C4 /* Data.swift in Sources */ = {isa = PBXBuildFile; fileRef = 7753B5992AC9979000F263C4 /* Data.swift */; };
		778BF4922A6AA4D100C53165 /* VerifyView.swift in Sources */ = {isa = PBXBuildFile; fileRef = 778BF4912A6AA4D100C53165 /* VerifyView.swift */; };
		779737882A8661F300B41CFF /* VerifyWKUIDelegate.swift in Sources */ = {isa = PBXBuildFile; fileRef = 779737872A8661F300B41CFF /* VerifyWKUIDelegate.swift */; };
		7797378B2A8662C700B41CFF /* URLRequestExtension.swift in Sources */ = {isa = PBXBuildFile; fileRef = 7797378A2A8662C700B41CFF /* URLRequestExtension.swift */; };
		7797378F2A8665F400B41CFF /* VerifyError.swift in Sources */ = {isa = PBXBuildFile; fileRef = 7797378E2A8665F400B41CFF /* VerifyError.swift */; };
		779737932A866D6C00B41CFF /* README.md in Resources */ = {isa = PBXBuildFile; fileRef = 779737922A866D6C00B41CFF /* README.md */; };
		779737952A866D8E00B41CFF /* SynapsVerify.podspec in Resources */ = {isa = PBXBuildFile; fileRef = 779737942A866D8E00B41CFF /* SynapsVerify.podspec */; };
		77AC7C192B18A46500D84CCF /* VerifyWebViewSettings.swift in Sources */ = {isa = PBXBuildFile; fileRef = 77AC7C182B18A46500D84CCF /* VerifyWebViewSettings.swift */; };
/* End PBXBuildFile section */

/* Begin PBXContainerItemProxy section */
		16A9BBE6283E686D0095A38C /* PBXContainerItemProxy */ = {
			isa = PBXContainerItemProxy;
			containerPortal = 16A9BBD1283E686D0095A38C /* Project object */;
			proxyType = 1;
			remoteGlobalIDString = 16A9BBD9283E686D0095A38C;
			remoteInfo = verify;
		};
/* End PBXContainerItemProxy section */

/* Begin PBXFileReference section */
		16A9BBDA283E686D0095A38C /* verify.framework */ = {isa = PBXFileReference; explicitFileType = wrapper.framework; includeInIndex = 0; path = verify.framework; sourceTree = BUILT_PRODUCTS_DIR; };
		16A9BBDD283E686D0095A38C /* verify.h */ = {isa = PBXFileReference; lastKnownFileType = sourcecode.c.h; path = verify.h; sourceTree = "<group>"; };
		16A9BBDE283E686D0095A38C /* verify.docc */ = {isa = PBXFileReference; lastKnownFileType = folder.documentationcatalog; path = verify.docc; sourceTree = "<group>"; };
		16A9BBE4283E686D0095A38C /* verifyTests.xctest */ = {isa = PBXFileReference; explicitFileType = wrapper.cfbundle; includeInIndex = 0; path = verifyTests.xctest; sourceTree = BUILT_PRODUCTS_DIR; };
		16A9BBE9283E686D0095A38C /* verifyTests.swift */ = {isa = PBXFileReference; lastKnownFileType = sourcecode.swift; path = verifyTests.swift; sourceTree = "<group>"; };
		16A9BC1E2840E4FE0095A38C /* Verify.swift */ = {isa = PBXFileReference; lastKnownFileType = sourcecode.swift; path = Verify.swift; sourceTree = "<group>"; };
		770FD0092ADBFD31002FB641 /* VerifyLang.swift */ = {isa = PBXFileReference; lastKnownFileType = sourcecode.swift; path = VerifyLang.swift; sourceTree = "<group>"; };
		770FD00B2ADC7271002FB641 /* VerifyUiView.swift */ = {isa = PBXFileReference; lastKnownFileType = sourcecode.swift; path = VerifyUiView.swift; sourceTree = "<group>"; };
		773CE2482A76F211005AF303 /* VerifyListener.swift */ = {isa = PBXFileReference; fileEncoding = 4; lastKnownFileType = sourcecode.swift; path = VerifyListener.swift; sourceTree = "<group>"; };
		774B43B92AEF0E670021FA4E /* VerifyWebView.swift */ = {isa = PBXFileReference; lastKnownFileType = sourcecode.swift; path = VerifyWebView.swift; sourceTree = "<group>"; };
		774B43BD2AF14E2D0021FA4E /* VerifyNfcEvent.swift */ = {isa = PBXFileReference; lastKnownFileType = sourcecode.swift; path = VerifyNfcEvent.swift; sourceTree = "<group>"; };
		774B43C02AF14EB40021FA4E /* VerifyWebViewDelegate.swift */ = {isa = PBXFileReference; lastKnownFileType = sourcecode.swift; path = VerifyWebViewDelegate.swift; sourceTree = "<group>"; };
		774B43C72AF1617F0021FA4E /* .swiftlint.yml */ = {isa = PBXFileReference; lastKnownFileType = text.yaml; path = .swiftlint.yml; sourceTree = "<group>"; };
		7753B5972AC995F100F263C4 /* VerifyNfcController.swift */ = {isa = PBXFileReference; fileEncoding = 4; lastKnownFileType = sourcecode.swift; path = VerifyNfcController.swift; sourceTree = "<group>"; };
		7753B5992AC9979000F263C4 /* Data.swift */ = {isa = PBXFileReference; lastKnownFileType = sourcecode.swift; path = Data.swift; sourceTree = "<group>"; };
		778BF4912A6AA4D100C53165 /* VerifyView.swift */ = {isa = PBXFileReference; lastKnownFileType = sourcecode.swift; path = VerifyView.swift; sourceTree = "<group>"; };
		779737872A8661F300B41CFF /* VerifyWKUIDelegate.swift */ = {isa = PBXFileReference; lastKnownFileType = sourcecode.swift; path = VerifyWKUIDelegate.swift; sourceTree = "<group>"; };
		7797378A2A8662C700B41CFF /* URLRequestExtension.swift */ = {isa = PBXFileReference; lastKnownFileType = sourcecode.swift; path = URLRequestExtension.swift; sourceTree = "<group>"; };
		7797378E2A8665F400B41CFF /* VerifyError.swift */ = {isa = PBXFileReference; lastKnownFileType = sourcecode.swift; path = VerifyError.swift; sourceTree = "<group>"; };
		779737902A866D5400B41CFF /* Package.swift */ = {isa = PBXFileReference; fileEncoding = 4; lastKnownFileType = sourcecode.swift; path = Package.swift; sourceTree = "<group>"; };
		779737922A866D6C00B41CFF /* README.md */ = {isa = PBXFileReference; fileEncoding = 4; lastKnownFileType = net.daringfireball.markdown; path = README.md; sourceTree = "<group>"; };
		779737942A866D8E00B41CFF /* SynapsVerify.podspec */ = {isa = PBXFileReference; fileEncoding = 4; lastKnownFileType = text; path = SynapsVerify.podspec; sourceTree = "<group>"; };
		77AC7C182B18A46500D84CCF /* VerifyWebViewSettings.swift */ = {isa = PBXFileReference; lastKnownFileType = sourcecode.swift; path = VerifyWebViewSettings.swift; sourceTree = "<group>"; };
		77AC7C262B1A3D3900D84CCF /* build-xcframework.sh */ = {isa = PBXFileReference; lastKnownFileType = text.script.sh; path = "build-xcframework.sh"; sourceTree = "<group>"; };
/* End PBXFileReference section */

/* Begin PBXFrameworksBuildPhase section */
		16A9BBD7283E686D0095A38C /* Frameworks */ = {
			isa = PBXFrameworksBuildPhase;
			buildActionMask = 2147483647;
			files = (
			);
			runOnlyForDeploymentPostprocessing = 0;
		};
		16A9BBE1283E686D0095A38C /* Frameworks */ = {
			isa = PBXFrameworksBuildPhase;
			buildActionMask = 2147483647;
			files = (
				16A9BBE5283E686D0095A38C /* verify.framework in Frameworks */,
			);
			runOnlyForDeploymentPostprocessing = 0;
		};
/* End PBXFrameworksBuildPhase section */

/* Begin PBXGroup section */
		16A9BBD0283E686D0095A38C = {
			isa = PBXGroup;
			children = (
				16A9BBDC283E686D0095A38C /* verify */,
				77AC7C262B1A3D3900D84CCF /* build-xcframework.sh */,
				774B43C72AF1617F0021FA4E /* .swiftlint.yml */,
				779737942A866D8E00B41CFF /* SynapsVerify.podspec */,
				779737922A866D6C00B41CFF /* README.md */,
				779737902A866D5400B41CFF /* Package.swift */,
				16A9BBE8283E686D0095A38C /* verifyTests */,
				16A9BBDB283E686D0095A38C /* Products */,
			);
			sourceTree = "<group>";
		};
		16A9BBDB283E686D0095A38C /* Products */ = {
			isa = PBXGroup;
			children = (
				16A9BBDA283E686D0095A38C /* verify.framework */,
				16A9BBE4283E686D0095A38C /* verifyTests.xctest */,
			);
			name = Products;
			sourceTree = "<group>";
		};
		16A9BBDC283E686D0095A38C /* verify */ = {
			isa = PBXGroup;
			children = (
				774B43C22AF1525D0021FA4E /* View */,
				774B43C32AF152720021FA4E /* Core */,
				774B43BF2AF14E490021FA4E /* WebView */,
				774B43BC2AF14E1C0021FA4E /* Nfc */,
				779737892A8662AE00B41CFF /* Extension */,
				16A9BBDD283E686D0095A38C /* verify.h */,
				16A9BBDE283E686D0095A38C /* verify.docc */,
			);
			path = verify;
			sourceTree = "<group>";
		};
		16A9BBE8283E686D0095A38C /* verifyTests */ = {
			isa = PBXGroup;
			children = (
				16A9BBE9283E686D0095A38C /* verifyTests.swift */,
			);
			path = verifyTests;
			sourceTree = "<group>";
		};
		774B43BC2AF14E1C0021FA4E /* Nfc */ = {
			isa = PBXGroup;
			children = (
				7753B5972AC995F100F263C4 /* VerifyNfcController.swift */,
				774B43BD2AF14E2D0021FA4E /* VerifyNfcEvent.swift */,
			);
			path = Nfc;
			sourceTree = "<group>";
		};
		774B43BF2AF14E490021FA4E /* WebView */ = {
			isa = PBXGroup;
			children = (
				774B43B92AEF0E670021FA4E /* VerifyWebView.swift */,
				774B43C02AF14EB40021FA4E /* VerifyWebViewDelegate.swift */,
				779737872A8661F300B41CFF /* VerifyWKUIDelegate.swift */,
				77AC7C182B18A46500D84CCF /* VerifyWebViewSettings.swift */,
			);
			path = WebView;
			sourceTree = "<group>";
		};
		774B43C22AF1525D0021FA4E /* View */ = {
			isa = PBXGroup;
			children = (
				778BF4912A6AA4D100C53165 /* VerifyView.swift */,
				770FD00B2ADC7271002FB641 /* VerifyUiView.swift */,
				773CE2482A76F211005AF303 /* VerifyListener.swift */,
			);
			path = View;
			sourceTree = "<group>";
		};
		774B43C32AF152720021FA4E /* Core */ = {
			isa = PBXGroup;
			children = (
				16A9BC1E2840E4FE0095A38C /* Verify.swift */,
				7797378E2A8665F400B41CFF /* VerifyError.swift */,
				770FD0092ADBFD31002FB641 /* VerifyLang.swift */,
			);
			path = Core;
			sourceTree = "<group>";
		};
		779737892A8662AE00B41CFF /* Extension */ = {
			isa = PBXGroup;
			children = (
				7797378A2A8662C700B41CFF /* URLRequestExtension.swift */,
				7753B5992AC9979000F263C4 /* Data.swift */,
			);
			path = Extension;
			sourceTree = "<group>";
		};
/* End PBXGroup section */

/* Begin PBXHeadersBuildPhase section */
		16A9BBD5283E686D0095A38C /* Headers */ = {
			isa = PBXHeadersBuildPhase;
			buildActionMask = 2147483647;
			files = (
				16A9BBEB283E686D0095A38C /* verify.h in Headers */,
			);
			runOnlyForDeploymentPostprocessing = 0;
		};
/* End PBXHeadersBuildPhase section */

/* Begin PBXNativeTarget section */
		16A9BBD9283E686D0095A38C /* verify */ = {
			isa = PBXNativeTarget;
			buildConfigurationList = 16A9BBEE283E686D0095A38C /* Build configuration list for PBXNativeTarget "verify" */;
			buildPhases = (
				16A9BBD5283E686D0095A38C /* Headers */,
				16A9BBD6283E686D0095A38C /* Sources */,
				16A9BBD7283E686D0095A38C /* Frameworks */,
				16A9BBD8283E686D0095A38C /* Resources */,
			);
			buildRules = (
			);
			dependencies = (
				774B43C62AF1605A0021FA4E /* PBXTargetDependency */,
			);
			name = verify;
			productName = verify;
			productReference = 16A9BBDA283E686D0095A38C /* verify.framework */;
			productType = "com.apple.product-type.framework";
		};
		16A9BBE3283E686D0095A38C /* verifyTests */ = {
			isa = PBXNativeTarget;
			buildConfigurationList = 16A9BBF1283E686D0095A38C /* Build configuration list for PBXNativeTarget "verifyTests" */;
			buildPhases = (
				16A9BBE0283E686D0095A38C /* Sources */,
				16A9BBE1283E686D0095A38C /* Frameworks */,
				16A9BBE2283E686D0095A38C /* Resources */,
			);
			buildRules = (
			);
			dependencies = (
				16A9BBE7283E686D0095A38C /* PBXTargetDependency */,
			);
			name = verifyTests;
			productName = verifyTests;
			productReference = 16A9BBE4283E686D0095A38C /* verifyTests.xctest */;
			productType = "com.apple.product-type.bundle.unit-test";
		};
/* End PBXNativeTarget section */

/* Begin PBXProject section */
		16A9BBD1283E686D0095A38C /* Project object */ = {
			isa = PBXProject;
			attributes = {
				BuildIndependentTargetsInParallel = 1;
				LastSwiftUpdateCheck = 1340;
				LastUpgradeCheck = 1500;
				TargetAttributes = {
					16A9BBD9283E686D0095A38C = {
						CreatedOnToolsVersion = 13.4;
					};
					16A9BBE3283E686D0095A38C = {
						CreatedOnToolsVersion = 13.4;
					};
				};
			};
			buildConfigurationList = 16A9BBD4283E686D0095A38C /* Build configuration list for PBXProject "verify" */;
			compatibilityVersion = "Xcode 13.0";
			developmentRegion = en;
			hasScannedForEncodings = 0;
			knownRegions = (
				en,
				Base,
			);
			mainGroup = 16A9BBD0283E686D0095A38C;
			packageReferences = (
			);
			productRefGroup = 16A9BBDB283E686D0095A38C /* Products */;
			projectDirPath = "";
			projectRoot = "";
			targets = (
				16A9BBD9283E686D0095A38C /* verify */,
				16A9BBE3283E686D0095A38C /* verifyTests */,
			);
		};
/* End PBXProject section */

/* Begin PBXResourcesBuildPhase section */
		16A9BBD8283E686D0095A38C /* Resources */ = {
			isa = PBXResourcesBuildPhase;
			buildActionMask = 2147483647;
			files = (
				774B43C82AF1617F0021FA4E /* .swiftlint.yml in Resources */,
				779737932A866D6C00B41CFF /* README.md in Resources */,
				779737952A866D8E00B41CFF /* SynapsVerify.podspec in Resources */,
			);
			runOnlyForDeploymentPostprocessing = 0;
		};
		16A9BBE2283E686D0095A38C /* Resources */ = {
			isa = PBXResourcesBuildPhase;
			buildActionMask = 2147483647;
			files = (
			);
			runOnlyForDeploymentPostprocessing = 0;
		};
/* End PBXResourcesBuildPhase section */

/* Begin PBXSourcesBuildPhase section */
		16A9BBD6283E686D0095A38C /* Sources */ = {
			isa = PBXSourcesBuildPhase;
			buildActionMask = 2147483647;
			files = (
				779737882A8661F300B41CFF /* VerifyWKUIDelegate.swift in Sources */,
				16A9BBDF283E686D0095A38C /* verify.docc in Sources */,
				77AC7C192B18A46500D84CCF /* VerifyWebViewSettings.swift in Sources */,
				774B43BA2AEF0E670021FA4E /* VerifyWebView.swift in Sources */,
				774B43BE2AF14E2D0021FA4E /* VerifyNfcEvent.swift in Sources */,
				778BF4922A6AA4D100C53165 /* VerifyView.swift in Sources */,
				7753B59A2AC9979000F263C4 /* Data.swift in Sources */,
				770FD00C2ADC7271002FB641 /* VerifyUiView.swift in Sources */,
				7753B5982AC995F100F263C4 /* VerifyNfcController.swift in Sources */,
				774B43C12AF14EB40021FA4E /* VerifyWebViewDelegate.swift in Sources */,
				773CE24A2A76F211005AF303 /* VerifyListener.swift in Sources */,
				7797378F2A8665F400B41CFF /* VerifyError.swift in Sources */,
				7797378B2A8662C700B41CFF /* URLRequestExtension.swift in Sources */,
				16A9BC1F2840E4FE0095A38C /* Verify.swift in Sources */,
				770FD00A2ADBFD31002FB641 /* VerifyLang.swift in Sources */,
			);
			runOnlyForDeploymentPostprocessing = 0;
		};
		16A9BBE0283E686D0095A38C /* Sources */ = {
			isa = PBXSourcesBuildPhase;
			buildActionMask = 2147483647;
			files = (
				16A9BBEA283E686D0095A38C /* verifyTests.swift in Sources */,
			);
			runOnlyForDeploymentPostprocessing = 0;
		};
/* End PBXSourcesBuildPhase section */

/* Begin PBXTargetDependency section */
		16A9BBE7283E686D0095A38C /* PBXTargetDependency */ = {
			isa = PBXTargetDependency;
			target = 16A9BBD9283E686D0095A38C /* verify */;
			targetProxy = 16A9BBE6283E686D0095A38C /* PBXContainerItemProxy */;
		};
		774B43C62AF1605A0021FA4E /* PBXTargetDependency */ = {
			isa = PBXTargetDependency;
			productRef = 774B43C52AF1605A0021FA4E /* SwiftLintPlugin */;
		};
/* End PBXTargetDependency section */

/* Begin XCBuildConfiguration section */
		16A9BBEC283E686D0095A38C /* Debug */ = {
			isa = XCBuildConfiguration;
			buildSettings = {
				ALWAYS_SEARCH_USER_PATHS = NO;
				ASSETCATALOG_COMPILER_GENERATE_SWIFT_ASSET_SYMBOL_EXTENSIONS = YES;
				CLANG_ANALYZER_NONNULL = YES;
				CLANG_ANALYZER_NUMBER_OBJECT_CONVERSION = YES_AGGRESSIVE;
				CLANG_CXX_LANGUAGE_STANDARD = "gnu++17";
				CLANG_ENABLE_MODULES = YES;
				CLANG_ENABLE_OBJC_ARC = YES;
				CLANG_ENABLE_OBJC_WEAK = YES;
				CLANG_WARN_BLOCK_CAPTURE_AUTORELEASING = YES;
				CLANG_WARN_BOOL_CONVERSION = YES;
				CLANG_WARN_COMMA = YES;
				CLANG_WARN_CONSTANT_CONVERSION = YES;
				CLANG_WARN_DEPRECATED_OBJC_IMPLEMENTATIONS = YES;
				CLANG_WARN_DIRECT_OBJC_ISA_USAGE = YES_ERROR;
				CLANG_WARN_DOCUMENTATION_COMMENTS = YES;
				CLANG_WARN_EMPTY_BODY = YES;
				CLANG_WARN_ENUM_CONVERSION = YES;
				CLANG_WARN_INFINITE_RECURSION = YES;
				CLANG_WARN_INT_CONVERSION = YES;
				CLANG_WARN_NON_LITERAL_NULL_CONVERSION = YES;
				CLANG_WARN_OBJC_IMPLICIT_RETAIN_SELF = YES;
				CLANG_WARN_OBJC_LITERAL_CONVERSION = YES;
				CLANG_WARN_OBJC_ROOT_CLASS = YES_ERROR;
				CLANG_WARN_QUOTED_INCLUDE_IN_FRAMEWORK_HEADER = YES;
				CLANG_WARN_RANGE_LOOP_ANALYSIS = YES;
				CLANG_WARN_STRICT_PROTOTYPES = YES;
				CLANG_WARN_SUSPICIOUS_MOVE = YES;
				CLANG_WARN_UNGUARDED_AVAILABILITY = YES_AGGRESSIVE;
				CLANG_WARN_UNREACHABLE_CODE = YES;
				CLANG_WARN__DUPLICATE_METHOD_MATCH = YES;
				COPY_PHASE_STRIP = NO;
				CURRENT_PROJECT_VERSION = 1;
				DEBUG_INFORMATION_FORMAT = dwarf;
				ENABLE_STRICT_OBJC_MSGSEND = YES;
				ENABLE_TESTABILITY = YES;
				ENABLE_USER_SCRIPT_SANDBOXING = YES;
				GCC_C_LANGUAGE_STANDARD = gnu11;
				GCC_DYNAMIC_NO_PIC = NO;
				GCC_NO_COMMON_BLOCKS = YES;
				GCC_OPTIMIZATION_LEVEL = 0;
				GCC_PREPROCESSOR_DEFINITIONS = (
					"DEBUG=1",
					"$(inherited)",
				);
				GCC_WARN_64_TO_32_BIT_CONVERSION = YES;
				GCC_WARN_ABOUT_RETURN_TYPE = YES_ERROR;
				GCC_WARN_UNDECLARED_SELECTOR = YES;
				GCC_WARN_UNINITIALIZED_AUTOS = YES_AGGRESSIVE;
				GCC_WARN_UNUSED_FUNCTION = YES;
				GCC_WARN_UNUSED_VARIABLE = YES;
				IPHONEOS_DEPLOYMENT_TARGET = 15.0;
				MTL_ENABLE_DEBUG_INFO = INCLUDE_SOURCE;
				MTL_FAST_MATH = YES;
				ONLY_ACTIVE_ARCH = YES;
				SDKROOT = iphoneos;
				SWIFT_ACTIVE_COMPILATION_CONDITIONS = DEBUG;
				SWIFT_OPTIMIZATION_LEVEL = "-Onone";
				VERSIONING_SYSTEM = "apple-generic";
				VERSION_INFO_PREFIX = "";
			};
			name = Debug;
		};
		16A9BBED283E686D0095A38C /* Release */ = {
			isa = XCBuildConfiguration;
			buildSettings = {
				ALWAYS_SEARCH_USER_PATHS = NO;
				ASSETCATALOG_COMPILER_GENERATE_SWIFT_ASSET_SYMBOL_EXTENSIONS = YES;
				CLANG_ANALYZER_NONNULL = YES;
				CLANG_ANALYZER_NUMBER_OBJECT_CONVERSION = YES_AGGRESSIVE;
				CLANG_CXX_LANGUAGE_STANDARD = "gnu++17";
				CLANG_ENABLE_MODULES = YES;
				CLANG_ENABLE_OBJC_ARC = YES;
				CLANG_ENABLE_OBJC_WEAK = YES;
				CLANG_WARN_BLOCK_CAPTURE_AUTORELEASING = YES;
				CLANG_WARN_BOOL_CONVERSION = YES;
				CLANG_WARN_COMMA = YES;
				CLANG_WARN_CONSTANT_CONVERSION = YES;
				CLANG_WARN_DEPRECATED_OBJC_IMPLEMENTATIONS = YES;
				CLANG_WARN_DIRECT_OBJC_ISA_USAGE = YES_ERROR;
				CLANG_WARN_DOCUMENTATION_COMMENTS = YES;
				CLANG_WARN_EMPTY_BODY = YES;
				CLANG_WARN_ENUM_CONVERSION = YES;
				CLANG_WARN_INFINITE_RECURSION = YES;
				CLANG_WARN_INT_CONVERSION = YES;
				CLANG_WARN_NON_LITERAL_NULL_CONVERSION = YES;
				CLANG_WARN_OBJC_IMPLICIT_RETAIN_SELF = YES;
				CLANG_WARN_OBJC_LITERAL_CONVERSION = YES;
				CLANG_WARN_OBJC_ROOT_CLASS = YES_ERROR;
				CLANG_WARN_QUOTED_INCLUDE_IN_FRAMEWORK_HEADER = YES;
				CLANG_WARN_RANGE_LOOP_ANALYSIS = YES;
				CLANG_WARN_STRICT_PROTOTYPES = YES;
				CLANG_WARN_SUSPICIOUS_MOVE = YES;
				CLANG_WARN_UNGUARDED_AVAILABILITY = YES_AGGRESSIVE;
				CLANG_WARN_UNREACHABLE_CODE = YES;
				CLANG_WARN__DUPLICATE_METHOD_MATCH = YES;
				COPY_PHASE_STRIP = NO;
				CURRENT_PROJECT_VERSION = 1;
				DEBUG_INFORMATION_FORMAT = "dwarf-with-dsym";
				ENABLE_NS_ASSERTIONS = NO;
				ENABLE_STRICT_OBJC_MSGSEND = YES;
				ENABLE_USER_SCRIPT_SANDBOXING = YES;
				GCC_C_LANGUAGE_STANDARD = gnu11;
				GCC_NO_COMMON_BLOCKS = YES;
				GCC_WARN_64_TO_32_BIT_CONVERSION = YES;
				GCC_WARN_ABOUT_RETURN_TYPE = YES_ERROR;
				GCC_WARN_UNDECLARED_SELECTOR = YES;
				GCC_WARN_UNINITIALIZED_AUTOS = YES_AGGRESSIVE;
				GCC_WARN_UNUSED_FUNCTION = YES;
				GCC_WARN_UNUSED_VARIABLE = YES;
				IPHONEOS_DEPLOYMENT_TARGET = 15.0;
				MTL_ENABLE_DEBUG_INFO = NO;
				MTL_FAST_MATH = YES;
				SDKROOT = iphoneos;
				SWIFT_COMPILATION_MODE = wholemodule;
				SWIFT_OPTIMIZATION_LEVEL = "-O";
				VALIDATE_PRODUCT = YES;
				VERSIONING_SYSTEM = "apple-generic";
				VERSION_INFO_PREFIX = "";
			};
			name = Release;
		};
		16A9BBEF283E686D0095A38C /* Debug */ = {
			isa = XCBuildConfiguration;
			buildSettings = {
				ADDITIONAL_SDKS = "";
				ALLOW_TARGET_PLATFORM_SPECIALIZATION = YES;
				ARCHS = "$(ARCHS_STANDARD)";
				BUILD_LIBRARY_FOR_DISTRIBUTION = YES;
				CODE_SIGN_IDENTITY = "";
				CODE_SIGN_STYLE = Automatic;
				CURRENT_PROJECT_VERSION = 1;
				DEFINES_MODULE = YES;
				DYLIB_COMPATIBILITY_VERSION = 1;
				DYLIB_CURRENT_VERSION = 1;
				DYLIB_INSTALL_NAME_BASE = "@rpath";
				ENABLE_MODULE_VERIFIER = YES;
				GENERATE_INFOPLIST_FILE = YES;
				INFOPLIST_KEY_NSHumanReadableCopyright = "";
				INSTALL_PATH = "$(LOCAL_LIBRARY_DIR)/Frameworks";
				IPHONEOS_DEPLOYMENT_TARGET = 15.0;
				LD_RUNPATH_SEARCH_PATHS = (
					"$(inherited)",
					"@executable_path/Frameworks",
					"@loader_path/Frameworks",
				);
				MARKETING_VERSION = 0.0.1;
				MODULE_VERIFIER_SUPPORTED_LANGUAGES = "objective-c objective-c++";
				MODULE_VERIFIER_SUPPORTED_LANGUAGE_STANDARDS = "gnu11 gnu++17";
				ONLY_ACTIVE_ARCH = NO;
				PRODUCT_BUNDLE_IDENTIFIER = io.synaps.verify;
				PRODUCT_NAME = "$(TARGET_NAME:c99extidentifier)";
				SDKROOT = iphoneos;
				SKIP_INSTALL = YES;
				SUPPORTED_PLATFORMS = "iphonesimulator iphoneos";
				SUPPORTS_MACCATALYST = YES;
				SWIFT_EMIT_LOC_STRINGS = YES;
				SWIFT_VERSION = 5.0;
				TARGETED_DEVICE_FAMILY = "1,2";
				VALIDATE_WORKSPACE = YES;
			};
			name = Debug;
		};
		16A9BBF0283E686D0095A38C /* Release */ = {
			isa = XCBuildConfiguration;
			buildSettings = {
				ADDITIONAL_SDKS = "";
				ALLOW_TARGET_PLATFORM_SPECIALIZATION = YES;
				ARCHS = "$(ARCHS_STANDARD)";
				BUILD_LIBRARY_FOR_DISTRIBUTION = YES;
				CODE_SIGN_IDENTITY = "";
				CODE_SIGN_STYLE = Automatic;
				CURRENT_PROJECT_VERSION = 1;
				DEFINES_MODULE = YES;
				DYLIB_COMPATIBILITY_VERSION = 1;
				DYLIB_CURRENT_VERSION = 1;
				DYLIB_INSTALL_NAME_BASE = "@rpath";
				ENABLE_MODULE_VERIFIER = YES;
				GENERATE_INFOPLIST_FILE = YES;
				INFOPLIST_KEY_NSHumanReadableCopyright = "";
				INSTALL_PATH = "$(LOCAL_LIBRARY_DIR)/Frameworks";
				IPHONEOS_DEPLOYMENT_TARGET = 15.0;
				LD_RUNPATH_SEARCH_PATHS = (
					"$(inherited)",
					"@executable_path/Frameworks",
					"@loader_path/Frameworks",
				);
				MARKETING_VERSION = 0.0.1;
				MODULE_VERIFIER_SUPPORTED_LANGUAGES = "objective-c objective-c++";
				MODULE_VERIFIER_SUPPORTED_LANGUAGE_STANDARDS = "gnu11 gnu++17";
				ONLY_ACTIVE_ARCH = NO;
				PRODUCT_BUNDLE_IDENTIFIER = io.synaps.verify;
				PRODUCT_NAME = "$(TARGET_NAME:c99extidentifier)";
				SDKROOT = iphoneos;
				SKIP_INSTALL = YES;
				SUPPORTED_PLATFORMS = "iphonesimulator iphoneos";
				SUPPORTS_MACCATALYST = YES;
				SWIFT_EMIT_LOC_STRINGS = YES;
				SWIFT_VERSION = 5.0;
				TARGETED_DEVICE_FAMILY = "1,2";
				VALIDATE_WORKSPACE = YES;
			};
			name = Release;
		};
		16A9BBF2283E686D0095A38C /* Debug */ = {
			isa = XCBuildConfiguration;
			buildSettings = {
				ALWAYS_EMBED_SWIFT_STANDARD_LIBRARIES = YES;
				CODE_SIGN_STYLE = Automatic;
				CURRENT_PROJECT_VERSION = 1;
				GENERATE_INFOPLIST_FILE = YES;
				MARKETING_VERSION = 1.0;
				PRODUCT_BUNDLE_IDENTIFIER = io.synaps.verifyTests;
				PRODUCT_NAME = "$(TARGET_NAME)";
				SWIFT_EMIT_LOC_STRINGS = NO;
				SWIFT_VERSION = 5.0;
				TARGETED_DEVICE_FAMILY = "1,2";
			};
			name = Debug;
		};
		16A9BBF3283E686D0095A38C /* Release */ = {
			isa = XCBuildConfiguration;
			buildSettings = {
				ALWAYS_EMBED_SWIFT_STANDARD_LIBRARIES = YES;
				CODE_SIGN_STYLE = Automatic;
				CURRENT_PROJECT_VERSION = 1;
				GENERATE_INFOPLIST_FILE = YES;
				MARKETING_VERSION = 1.0;
				PRODUCT_BUNDLE_IDENTIFIER = io.synaps.verifyTests;
				PRODUCT_NAME = "$(TARGET_NAME)";
				SWIFT_EMIT_LOC_STRINGS = NO;
				SWIFT_VERSION = 5.0;
				TARGETED_DEVICE_FAMILY = "1,2";
			};
			name = Release;
		};
/* End XCBuildConfiguration section */

/* Begin XCConfigurationList section */
		16A9BBD4283E686D0095A38C /* Build configuration list for PBXProject "verify" */ = {
			isa = XCConfigurationList;
			buildConfigurations = (
				16A9BBEC283E686D0095A38C /* Debug */,
				16A9BBED283E686D0095A38C /* Release */,
			);
			defaultConfigurationIsVisible = 0;
			defaultConfigurationName = Release;
		};
		16A9BBEE283E686D0095A38C /* Build configuration list for PBXNativeTarget "verify" */ = {
			isa = XCConfigurationList;
			buildConfigurations = (
				16A9BBEF283E686D0095A38C /* Debug */,
				16A9BBF0283E686D0095A38C /* Release */,
			);
			defaultConfigurationIsVisible = 0;
			defaultConfigurationName = Release;
		};
		16A9BBF1283E686D0095A38C /* Build configuration list for PBXNativeTarget "verifyTests" */ = {
			isa = XCConfigurationList;
			buildConfigurations = (
				16A9BBF2283E686D0095A38C /* Debug */,
				16A9BBF3283E686D0095A38C /* Release */,
			);
			defaultConfigurationIsVisible = 0;
			defaultConfigurationName = Release;
		};
/* End XCConfigurationList section */

/* Begin XCRemoteSwiftPackageReference section */
		774B43C42AF15FF30021FA4E /* XCRemoteSwiftPackageReference "SwiftLint" */ = {
			isa = XCRemoteSwiftPackageReference;
			repositoryURL = "https://github.com/realm/SwiftLint.git";
			requirement = {
				kind = exactVersion;
				version = 0.54.0;
			};
		};
/* End XCRemoteSwiftPackageReference section */

/* Begin XCSwiftPackageProductDependency section */
		774B43C52AF1605A0021FA4E /* SwiftLintPlugin */ = {
			isa = XCSwiftPackageProductDependency;
			package = 774B43C42AF15FF30021FA4E /* XCRemoteSwiftPackageReference "SwiftLint" */;
			productName = "plugin:SwiftLintPlugin";
		};
/* End XCSwiftPackageProductDependency section */
	};
	rootObject = 16A9BBD1283E686D0095A38C /* Project object */;
}
